
Microsoft Visual Studio Solution File, Format Version 12.00
Project("{FAE04EC0-301F-11D3-BF4B-00C04F79EFBC}") = "SimpleApiApp", "SimpleApiApp.csproj", "{29E0CBF5-5F10-4156-8E6D-5D1B9DEC4F03}"
EndProject
Global
	GlobalSection(SolutionConfigurationPlatforms) = preSolution
		Debug|Any CPU = Debug|Any CPU
		Release|Any CPU = Release|Any CPU
	EndGlobalSection
	GlobalSection(ProjectConfigurationPlatforms) = postSolution
		{29E0CBF5-5F10-4156-8E6D-5D1B9DEC4F03}.Debug|Any CPU.ActiveCfg = Debug|Any CPU
		{29E0CBF5-5F10-4156-8E6D-5D1B9DEC4F03}.Debug|Any CPU.Build.0 = Debug|Any CPU
		{29E0CBF5-5F10-4156-8E6D-5D1B9DEC4F03}.Release|Any CPU.ActiveCfg = Release|Any CPU
		{29E0CBF5-5F10-4156-8E6D-5D1B9DEC4F03}.Release|Any CPU.Build.0 = Release|Any CPU
	EndGlobalSection
EndGlobal
